// !$*UTF8*$!
{
	archiveVersion = 1;
	classes = {
	};
	objectVersion = 46;
	objects = {

/* Begin PBXBuildFile section */
		82FB6FEF1AC515CA002EF5E4 /* AppDelegate.swift in Sources */ = {isa = PBXBuildFile; fileRef = 82FB6FEE1AC515CA002EF5E4 /* AppDelegate.swift */; };
		82FB6FF11AC515CA002EF5E4 /* ViewController.swift in Sources */ = {isa = PBXBuildFile; fileRef = 82FB6FF01AC515CA002EF5E4 /* ViewController.swift */; };
		82FB6FF41AC515CA002EF5E4 /* Main.storyboard in Resources */ = {isa = PBXBuildFile; fileRef = 82FB6FF21AC515CA002EF5E4 /* Main.storyboard */; };
		82FB6FF61AC515CA002EF5E4 /* Images.xcassets in Resources */ = {isa = PBXBuildFile; fileRef = 82FB6FF51AC515CA002EF5E4 /* Images.xcassets */; };
		82FB6FF91AC515CA002EF5E4 /* LaunchScreen.xib in Resources */ = {isa = PBXBuildFile; fileRef = 82FB6FF71AC515CA002EF5E4 /* LaunchScreen.xib */; };
		82FB70051AC515CA002EF5E4 /* Control_FlowTests.swift in Sources */ = {isa = PBXBuildFile; fileRef = 82FB70041AC515CA002EF5E4 /* Control_FlowTests.swift */; };
/* End PBXBuildFile section */

/* Begin PBXContainerItemProxy section */
		82FB6FFF1AC515CA002EF5E4 /* PBXContainerItemProxy */ = {
			isa = PBXContainerItemProxy;
			containerPortal = 82FB6FE11AC515CA002EF5E4 /* Project object */;
			proxyType = 1;
			remoteGlobalIDString = 82FB6FE81AC515CA002EF5E4;
			remoteInfo = "Control Flow";
		};
/* End PBXContainerItemProxy section */

/* Begin PBXFileReference section */
		82FB6FE91AC515CA002EF5E4 /* Control Flow.app */ = {isa = PBXFileReference; explicitFileType = wrapper.application; includeInIndex = 0; path = "Control Flow.app"; sourceTree = BUILT_PRODUCTS_DIR; };
		82FB6FED1AC515CA002EF5E4 /* Info.plist */ = {isa = PBXFileReference; lastKnownFileType = text.plist.xml; path = Info.plist; sourceTree = "<group>"; };
		82FB6FEE1AC515CA002EF5E4 /* AppDelegate.swift */ = {isa = PBXFileReference; lastKnownFileType = sourcecode.swift; path = AppDelegate.swift; sourceTree = "<group>"; };
		82FB6FF01AC515CA002EF5E4 /* ViewController.swift */ = {isa = PBXFileReference; lastKnownFileType = sourcecode.swift; path = ViewController.swift; sourceTree = "<group>"; };
		82FB6FF31AC515CA002EF5E4 /* Base */ = {isa = PBXFileReference; lastKnownFileType = file.storyboard; name = Base; path = Base.lproj/Main.storyboard; sourceTree = "<group>"; };
		82FB6FF51AC515CA002EF5E4 /* Images.xcassets */ = {isa = PBXFileReference; lastKnownFileType = folder.assetcatalog; path = Images.xcassets; sourceTree = "<group>"; };
		82FB6FF81AC515CA002EF5E4 /* Base */ = {isa = PBXFileReference; lastKnownFileType = file.xib; name = Base; path = Base.lproj/LaunchScreen.xib; sourceTree = "<group>"; };
		82FB6FFE1AC515CA002EF5E4 /* Control FlowTests.xctest */ = {isa = PBXFileReference; explicitFileType = wrapper.cfbundle; includeInIndex = 0; path = "Control FlowTests.xctest"; sourceTree = BUILT_PRODUCTS_DIR; };
		82FB70031AC515CA002EF5E4 /* Info.plist */ = {isa = PBXFileReference; lastKnownFileType = text.plist.xml; path = Info.plist; sourceTree = "<group>"; };
		82FB70041AC515CA002EF5E4 /* Control_FlowTests.swift */ = {isa = PBXFileReference; lastKnownFileType = sourcecode.swift; path = Control_FlowTests.swift; sourceTree = "<group>"; };
/* End PBXFileReference section */

/* Begin PBXFrameworksBuildPhase section */
		82FB6FE61AC515CA002EF5E4 /* Frameworks */ = {
			isa = PBXFrameworksBuildPhase;
			buildActionMask = 2147483647;
			files = (
			);
			runOnlyForDeploymentPostprocessing = 0;
		};
		82FB6FFB1AC515CA002EF5E4 /* Frameworks */ = {
			isa = PBXFrameworksBuildPhase;
			buildActionMask = 2147483647;
			files = (
			);
			runOnlyForDeploymentPostprocessing = 0;
		};
/* End PBXFrameworksBuildPhase section */

/* Begin PBXGroup section */
		82FB6FE01AC515CA002EF5E4 = {
			isa = PBXGroup;
			children = (
				82FB6FEB1AC515CA002EF5E4 /* Control Flow */,
				82FB70011AC515CA002EF5E4 /* Control FlowTests */,
				82FB6FEA1AC515CA002EF5E4 /* Products */,
			);
			sourceTree = "<group>";
		};
		82FB6FEA1AC515CA002EF5E4 /* Products */ = {
			isa = PBXGroup;
			children = (
				82FB6FE91AC515CA002EF5E4 /* Control Flow.app */,
				82FB6FFE1AC515CA002EF5E4 /* Control FlowTests.xctest */,
			);
			name = Products;
			sourceTree = "<group>";
		};
		82FB6FEB1AC515CA002EF5E4 /* Control Flow */ = {
			isa = PBXGroup;
			children = (
				82FB6FEE1AC515CA002EF5E4 /* AppDelegate.swift */,
				82FB6FF01AC515CA002EF5E4 /* ViewController.swift */,
				82FB6FF21AC515CA002EF5E4 /* Main.storyboard */,
				82FB6FF51AC515CA002EF5E4 /* Images.xcassets */,
				82FB6FF71AC515CA002EF5E4 /* LaunchScreen.xib */,
				82FB6FEC1AC515CA002EF5E4 /* Supporting Files */,
			);
			path = "Control Flow";
			sourceTree = "<group>";
		};
		82FB6FEC1AC515CA002EF5E4 /* Supporting Files */ = {
			isa = PBXGroup;
			children = (
				82FB6FED1AC515CA002EF5E4 /* Info.plist */,
			);
			name = "Supporting Files";
			sourceTree = "<group>";
		};
		82FB70011AC515CA002EF5E4 /* Control FlowTests */ = {
			isa = PBXGroup;
			children = (
				82FB70041AC515CA002EF5E4 /* Control_FlowTests.swift */,
				82FB70021AC515CA002EF5E4 /* Supporting Files */,
			);
			path = "Control FlowTests";
			sourceTree = "<group>";
		};
		82FB70021AC515CA002EF5E4 /* Supporting Files */ = {
			isa = PBXGroup;
			children = (
				82FB70031AC515CA002EF5E4 /* Info.plist */,
			);
			name = "Supporting Files";
			sourceTree = "<group>";
		};
/* End PBXGroup section */

/* Begin PBXNativeTarget section */
		82FB6FE81AC515CA002EF5E4 /* Control Flow */ = {
			isa = PBXNativeTarget;
			buildConfigurationList = 82FB70081AC515CA002EF5E4 /* Build configuration list for PBXNativeTarget "Control Flow" */;
			buildPhases = (
				82FB6FE51AC515CA002EF5E4 /* Sources */,
				82FB6FE61AC515CA002EF5E4 /* Frameworks */,
				82FB6FE71AC515CA002EF5E4 /* Resources */,
			);
			buildRules = (
			);
			dependencies = (
			);
			name = "Control Flow";
			productName = "Control Flow";
			productReference = 82FB6FE91AC515CA002EF5E4 /* Control Flow.app */;
			productType = "com.apple.product-type.application";
		};
		82FB6FFD1AC515CA002EF5E4 /* Control FlowTests */ = {
			isa = PBXNativeTarget;
			buildConfigurationList = 82FB700B1AC515CA002EF5E4 /* Build configuration list for PBXNativeTarget "Control FlowTests" */;
			buildPhases = (
				82FB6FFA1AC515CA002EF5E4 /* Sources */,
				82FB6FFB1AC515CA002EF5E4 /* Frameworks */,
				82FB6FFC1AC515CA002EF5E4 /* Resources */,
			);
			buildRules = (
			);
			dependencies = (
				82FB70001AC515CA002EF5E4 /* PBXTargetDependency */,
			);
			name = "Control FlowTests";
			productName = "Control FlowTests";
			productReference = 82FB6FFE1AC515CA002EF5E4 /* Control FlowTests.xctest */;
			productType = "com.apple.product-type.bundle.unit-test";
		};
/* End PBXNativeTarget section */

/* Begin PBXProject section */
		82FB6FE11AC515CA002EF5E4 /* Project object */ = {
			isa = PBXProject;
			attributes = {
				LastUpgradeCheck = 0620;
				ORGANIZATIONNAME = "Cocoa Lee";
				TargetAttributes = {
					82FB6FE81AC515CA002EF5E4 = {
						CreatedOnToolsVersion = 6.2;
					};
					82FB6FFD1AC515CA002EF5E4 = {
						CreatedOnToolsVersion = 6.2;
						TestTargetID = 82FB6FE81AC515CA002EF5E4;
					};
				};
			};
			buildConfigurationList = 82FB6FE41AC515CA002EF5E4 /* Build configuration list for PBXProject "Control Flow" */;
			compatibilityVersion = "Xcode 3.2";
			developmentRegion = English;
			hasScannedForEncodings = 0;
			knownRegions = (
				en,
				Base,
			);
			mainGroup = 82FB6FE01AC515CA002EF5E4;
			productRefGroup = 82FB6FEA1AC515CA002EF5E4 /* Products */;
			projectDirPath = "";
			projectRoot = "";
			targets = (
				82FB6FE81AC515CA002EF5E4 /* Control Flow */,
				82FB6FFD1AC515CA002EF5E4 /* Control FlowTests */,
			);
		};
/* End PBXProject section */

/* Begin PBXResourcesBuildPhase section */
		82FB6FE71AC515CA002EF5E4 /* Resources */ = {
			isa = PBXResourcesBuildPhase;
			buildActionMask = 2147483647;
			files = (
				82FB6FF41AC515CA002EF5E4 /* Main.storyboard in Resources */,
				82FB6FF91AC515CA002EF5E4 /* LaunchScreen.xib in Resources */,
				82FB6FF61AC515CA002EF5E4 /* Images.xcassets in Resources */,
			);
			runOnlyForDeploymentPostprocessing = 0;
		};
		82FB6FFC1AC515CA002EF5E4 /* Resources */ = {
			isa = PBXResourcesBuildPhase;
			buildActionMask = 2147483647;
			files = (
			);
			runOnlyForDeploymentPostprocessing = 0;
		};
/* End PBXResourcesBuildPhase section */

/* Begin PBXSourcesBuildPhase section */
		82FB6FE51AC515CA002EF5E4 /* Sources */ = {
			isa = PBXSourcesBuildPhase;
			buildActionMask = 2147483647;
			files = (
				82FB6FF11AC515CA002EF5E4 /* ViewController.swift in Sources */,
				82FB6FEF1AC515CA002EF5E4 /* AppDelegate.swift in Sources */,
			);
			runOnlyForDeploymentPostprocessing = 0;
		};
		82FB6FFA1AC515CA002EF5E4 /* Sources */ = {
			isa = PBXSourcesBuildPhase;
			buildActionMask = 2147483647;
			files = (
				82FB70051AC515CA002EF5E4 /* Control_FlowTests.swift in Sources */,
			);
			runOnlyForDeploymentPostprocessing = 0;
		};
/* End PBXSourcesBuildPhase section */

/* Begin PBXTargetDependency section */
		82FB70001AC515CA002EF5E4 /* PBXTargetDependency */ = {
			isa = PBXTargetDependency;
			target = 82FB6FE81AC515CA002EF5E4 /* Control Flow */;
			targetProxy = 82FB6FFF1AC515CA002EF5E4 /* PBXContainerItemProxy */;
		};
/* End PBXTargetDependency section */

/* Begin PBXVariantGroup section */
		82FB6FF21AC515CA002EF5E4 /* Main.storyboard */ = {
			isa = PBXVariantGroup;
			children = (
				82FB6FF31AC515CA002EF5E4 /* Base */,
			);
			name = Main.storyboard;
			sourceTree = "<group>";
		};
		82FB6FF71AC515CA002EF5E4 /* LaunchScreen.xib */ = {
			isa = PBXVariantGroup;
			children = (
				82FB6FF81AC515CA002EF5E4 /* Base */,
			);
			name = LaunchScreen.xib;
			sourceTree = "<group>";
		};
/* End PBXVariantGroup section */

/* Begin XCBuildConfiguration section */
		82FB70061AC515CA002EF5E4 /* Debug */ = {
			isa = XCBuildConfiguration;
			buildSettings = {
				ALWAYS_SEARCH_USER_PATHS = NO;
				CLANG_CXX_LANGUAGE_STANDARD = "gnu++0x";
				CLANG_CXX_LIBRARY = "libc++";
				CLANG_ENABLE_MODULES = YES;
				CLANG_ENABLE_OBJC_ARC = YES;
				CLANG_WARN_BOOL_CONVERSION = YES;
				CLANG_WARN_CONSTANT_CONVERSION = YES;
				CLANG_WARN_DIRECT_OBJC_ISA_USAGE = YES_ERROR;
				CLANG_WARN_EMPTY_BODY = YES;
				CLANG_WARN_ENUM_CONVERSION = YES;
				CLANG_WARN_INT_CONVERSION = YES;
				CLANG_WARN_OBJC_ROOT_CLASS = YES_ERROR;
				CLANG_WARN_UNREACHABLE_CODE = YES;
				CLANG_WARN__DUPLICATE_METHOD_MATCH = YES;
				"CODE_SIGN_IDENTITY[sdk=iphoneos*]" = "iPhone Developer";
				COPY_PHASE_STRIP = NO;
				ENABLE_STRICT_OBJC_MSGSEND = YES;
				GCC_C_LANGUAGE_STANDARD = gnu99;
				GCC_DYNAMIC_NO_PIC = NO;
				GCC_OPTIMIZATION_LEVEL = 0;
				GCC_PREPROCESSOR_DEFINITIONS = (
					"DEBUG=1",
					"$(inherited)",
				);
				GCC_SYMBOLS_PRIVATE_EXTERN = NO;
				GCC_WARN_64_TO_32_BIT_CONVERSION = YES;
				GCC_WARN_ABOUT_RETURN_TYPE = YES_ERROR;
				GCC_WARN_UNDECLARED_SELECTOR = YES;
				GCC_WARN_UNINITIALIZED_AUTOS = YES_AGGRESSIVE;
				GCC_WARN_UNUSED_FUNCTION = YES;
				GCC_WARN_UNUSED_VARIABLE = YES;
				IPHONEOS_DEPLOYMENT_TARGET = 8.2;
				MTL_ENABLE_DEBUG_INFO = YES;
				ONLY_ACTIVE_ARCH = YES;
				SDKROOT = iphoneos;
				SWIFT_OPTIMIZATION_LEVEL = "-Onone";
			};
			name = Debug;
		};
		82FB70071AC515CA002EF5E4 /* Release */ = {
			isa = XCBuildConfiguration;
			buildSettings = {
				ALWAYS_SEARCH_USER_PATHS = NO;
				CLANG_CXX_LANGUAGE_STANDARD = "gnu++0x";
				CLANG_CXX_LIBRARY = "libc++";
				CLANG_ENABLE_MODULES = YES;
				CLANG_ENABLE_OBJC_ARC = YES;
				CLANG_WARN_BOOL_CONVERSION = YES;
				CLANG_WARN_CONSTANT_CONVERSION = YES;
				CLANG_WARN_DIRECT_OBJC_ISA_USAGE = YES_ERROR;
				CLANG_WARN_EMPTY_BODY = YES;
				CLANG_WARN_ENUM_CONVERSION = YES;
				CLANG_WARN_INT_CONVERSION = YES;
				CLANG_WARN_OBJC_ROOT_CLASS = YES_ERROR;
				CLANG_WARN_UNREACHABLE_CODE = YES;
				CLANG_WARN__DUPLICATE_METHOD_MATCH = YES;
				"CODE_SIGN_IDENTITY[sdk=iphoneos*]" = "iPhone Developer";
				COPY_PHASE_STRIP = NO;
				ENABLE_NS_ASSERTIONS = NO;
				ENABLE_STRICT_OBJC_MSGSEND = YES;
				GCC_C_LANGUAGE_STANDARD = gnu99;
				GCC_WARN_64_TO_32_BIT_CONVERSION = YES;
				GCC_WARN_ABOUT_RETURN_TYPE = YES_ERROR;
				GCC_WARN_UNDECLARED_SELECTOR = YES;
				GCC_WARN_UNINITIALIZED_AUTOS = YES_AGGRESSIVE;
				GCC_WARN_UNUSED_FUNCTION = YES;
				GCC_WARN_UNUSED_VARIABLE = YES;
				IPHONEOS_DEPLOYMENT_TARGET = 8.2;
				MTL_ENABLE_DEBUG_INFO = NO;
				SDKROOT = iphoneos;
				VALIDATE_PRODUCT = YES;
			};
			name = Release;
		};
		82FB70091AC515CA002EF5E4 /* Debug */ = {
			isa = XCBuildConfiguration;
			buildSettings = {
				ASSETCATALOG_COMPILER_APPICON_NAME = AppIcon;
				INFOPLIST_FILE = "Control Flow/Info.plist";
				LD_RUNPATH_SEARCH_PATHS = "$(inherited) @executable_path/Frameworks";
				PRODUCT_NAME = "$(TARGET_NAME)";
			};
			name = Debug;
		};
		82FB700A1AC515CA002EF5E4 /* Release */ = {
			isa = XCBuildConfiguration;
			buildSettings = {
				ASSETCATALOG_COMPILER_APPICON_NAME = AppIcon;
				INFOPLIST_FILE = "Control Flow/Info.plist";
				LD_RUNPATH_SEARCH_PATHS = "$(inherited) @executable_path/Frameworks";
				PRODUCT_NAME = "$(TARGET_NAME)";
			};
			name = Release;
		};
		82FB700C1AC515CA002EF5E4 /* Debug */ = {
			isa = XCBuildConfiguration;
			buildSettings = {
				BUNDLE_LOADER = "$(TEST_HOST)";
				FRAMEWORK_SEARCH_PATHS = (
					"$(SDKROOT)/Developer/Library/Frameworks",
					"$(inherited)",
				);
				GCC_PREPROCESSOR_DEFINITIONS = (
					"DEBUG=1",
					"$(inherited)",
				);
				INFOPLIST_FILE = "Control FlowTests/Info.plist";
				LD_RUNPATH_SEARCH_PATHS = "$(inherited) @executable_path/Frameworks @loader_path/Frameworks";
				PRODUCT_NAME = "$(TARGET_NAME)";
				TEST_HOST = "$(BUILT_PRODUCTS_DIR)/Control Flow.app/Control Flow";
			};
			name = Debug;
		};
		82FB700D1AC515CA002EF5E4 /* Release */ = {
			isa = XCBuildConfiguration;
			buildSettings = {
				BUNDLE_LOADER = "$(TEST_HOST)";
				FRAMEWORK_SEARCH_PATHS = (
					"$(SDKROOT)/Developer/Library/Frameworks",
					"$(inherited)",
				);
				INFOPLIST_FILE = "Control FlowTests/Info.plist";
				LD_RUNPATH_SEARCH_PATHS = "$(inherited) @executable_path/Frameworks @loader_path/Frameworks";
				PRODUCT_NAME = "$(TARGET_NAME)";
				TEST_HOST = "$(BUILT_PRODUCTS_DIR)/Control Flow.app/Control Flow";
			};
			name = Release;
		};
/* End XCBuildConfiguration section */

/* Begin XCConfigurationList section */
		82FB6FE41AC515CA002EF5E4 /* Build configuration list for PBXProject "Control Flow" */ = {
			isa = XCConfigurationList;
			buildConfigurations = (
				82FB70061AC515CA002EF5E4 /* Debug */,
				82FB70071AC515CA002EF5E4 /* Release */,
			);
			defaultConfigurationIsVisible = 0;
			defaultConfigurationName = Release;
		};
		82FB70081AC515CA002EF5E4 /* Build configuration list for PBXNativeTarget "Control Flow" */ = {
			isa = XCConfigurationList;
			buildConfigurations = (
				82FB70091AC515CA002EF5E4 /* Debug */,
				82FB700A1AC515CA002EF5E4 /* Release */,
			);
			defaultConfigurationIsVisible = 0;
		};
		82FB700B1AC515CA002EF5E4 /* Build configuration list for PBXNativeTarget "Control FlowTests" */ = {
			isa = XCConfigurationList;
			buildConfigurations = (
				82FB700C1AC515CA002EF5E4 /* Debug */,
				82FB700D1AC515CA002EF5E4 /* Release */,
			);
			defaultConfigurationIsVisible = 0;
		};
/* End XCConfigurationList section */
	};
	rootObject = 82FB6FE11AC515CA002EF5E4 /* Project object */;
}
